
Microsoft Visual Studio Solution File, Format Version 12.00
# Visual Studio 2012
Project("{FAE04EC0-301F-11D3-BF4B-00C04F79EFBC}") = "TicTacToeMulti", "TicTacToe\TicTacToeMulti.csproj", "{BB6236BC-6EC0-4EE2-8336-F44BC2C8622D}"
EndProject
Global
	GlobalSection(SolutionConfigurationPlatforms) = preSolution
		Debug|iPhoneSimulator = Debug|iPhoneSimulator
		Release|iPhone = Release|iPhone
		Release|iPhoneSimulator = Release|iPhoneSimulator
		Debug|iPhone = Debug|iPhone
	EndGlobalSection
	GlobalSection(ProjectConfigurationPlatforms) = postSolution
		{BB6236BC-6EC0-4EE2-8336-F44BC2C8622D}.Debug|iPhoneSimulator.ActiveCfg = Debug|iPhoneSimulator
		{BB6236BC-6EC0-4EE2-8336-F44BC2C8622D}.Debug|iPhoneSimulator.Build.0 = Debug|iPhoneSimulator
		{BB6236BC-6EC0-4EE2-8336-F44BC2C8622D}.Release|iPhone.ActiveCfg = Release|iPhone
		{BB6236BC-6EC0-4EE2-8336-F44BC2C8622D}.Release|iPhone.Build.0 = Release|iPhone
		{BB6236BC-6EC0-4EE2-8336-F44BC2C8622D}.Release|iPhoneSimulator.ActiveCfg = Release|iPhoneSimulator
		{BB6236BC-6EC0-4EE2-8336-F44BC2C8622D}.Release|iPhoneSimulator.Build.0 = Release|iPhoneSimulator
		{BB6236BC-6EC0-4EE2-8336-F44BC2C8622D}.Debug|iPhone.ActiveCfg = Debug|iPhone
		{BB6236BC-6EC0-4EE2-8336-F44BC2C8622D}.Debug|iPhone.Build.0 = Debug|iPhone
	EndGlobalSection
EndGlobal
