
Microsoft Visual Studio Solution File, Format Version 12.00
# Visual Studio 2012
Project("{FAE04EC0-301F-11D3-BF4B-00C04F79EFBC}") = "TabbedApplication", "TabbedApplication\TabbedApplication.csproj", "{F9EDC09F-4EE1-46F4-A13D-34489194F39E}"
EndProject
Global
	GlobalSection(SolutionConfigurationPlatforms) = preSolution
		Debug|iPhoneSimulator = Debug|iPhoneSimulator
		Release|iPhone = Release|iPhone
		Release|iPhoneSimulator = Release|iPhoneSimulator
		Debug|iPhone = Debug|iPhone
	EndGlobalSection
	GlobalSection(ProjectConfigurationPlatforms) = postSolution
		{F9EDC09F-4EE1-46F4-A13D-34489194F39E}.Debug|iPhoneSimulator.ActiveCfg = Debug|iPhoneSimulator
		{F9EDC09F-4EE1-46F4-A13D-34489194F39E}.Debug|iPhoneSimulator.Build.0 = Debug|iPhoneSimulator
		{F9EDC09F-4EE1-46F4-A13D-34489194F39E}.Release|iPhone.ActiveCfg = Release|iPhone
		{F9EDC09F-4EE1-46F4-A13D-34489194F39E}.Release|iPhone.Build.0 = Release|iPhone
		{F9EDC09F-4EE1-46F4-A13D-34489194F39E}.Release|iPhoneSimulator.ActiveCfg = Release|iPhoneSimulator
		{F9EDC09F-4EE1-46F4-A13D-34489194F39E}.Release|iPhoneSimulator.Build.0 = Release|iPhoneSimulator
		{F9EDC09F-4EE1-46F4-A13D-34489194F39E}.Debug|iPhone.ActiveCfg = Debug|iPhone
		{F9EDC09F-4EE1-46F4-A13D-34489194F39E}.Debug|iPhone.Build.0 = Debug|iPhone
	EndGlobalSection
EndGlobal
