
Microsoft Visual Studio Solution File, Format Version 12.00
# Visual Studio 2012
Project("{FAE04EC0-301F-11D3-BF4B-00C04F79EFBC}") = "TipCalculator", "TipCalculator\TipCalculator.csproj", "{0FD7C0E4-C0ED-4FF8-B7BF-34E5D1FB8F84}"
EndProject
Global
	GlobalSection(SolutionConfigurationPlatforms) = preSolution
		Debug|iPhoneSimulator = Debug|iPhoneSimulator
		Release|iPhone = Release|iPhone
		Release|iPhoneSimulator = Release|iPhoneSimulator
		Debug|iPhone = Debug|iPhone
	EndGlobalSection
	GlobalSection(ProjectConfigurationPlatforms) = postSolution
		{0FD7C0E4-C0ED-4FF8-B7BF-34E5D1FB8F84}.Debug|iPhoneSimulator.ActiveCfg = Debug|iPhoneSimulator
		{0FD7C0E4-C0ED-4FF8-B7BF-34E5D1FB8F84}.Debug|iPhoneSimulator.Build.0 = Debug|iPhoneSimulator
		{0FD7C0E4-C0ED-4FF8-B7BF-34E5D1FB8F84}.Release|iPhone.ActiveCfg = Release|iPhone
		{0FD7C0E4-C0ED-4FF8-B7BF-34E5D1FB8F84}.Release|iPhone.Build.0 = Release|iPhone
		{0FD7C0E4-C0ED-4FF8-B7BF-34E5D1FB8F84}.Release|iPhoneSimulator.ActiveCfg = Release|iPhoneSimulator
		{0FD7C0E4-C0ED-4FF8-B7BF-34E5D1FB8F84}.Release|iPhoneSimulator.Build.0 = Release|iPhoneSimulator
		{0FD7C0E4-C0ED-4FF8-B7BF-34E5D1FB8F84}.Debug|iPhone.ActiveCfg = Debug|iPhone
		{0FD7C0E4-C0ED-4FF8-B7BF-34E5D1FB8F84}.Debug|iPhone.Build.0 = Debug|iPhone
	EndGlobalSection
EndGlobal
