
Microsoft Visual Studio Solution File, Format Version 12.00
# Visual Studio 2012
Project("{FAE04EC0-301F-11D3-BF4B-00C04F79EFBC}") = "InitialScreenDemo", "InitialScreenDemo\InitialScreenDemo.csproj", "{8AC77BFE-C5A6-480E-8504-8D6875906441}"
EndProject
Global
	GlobalSection(SolutionConfigurationPlatforms) = preSolution
		Debug|iPhoneSimulator = Debug|iPhoneSimulator
		Release|iPhone = Release|iPhone
		Release|iPhoneSimulator = Release|iPhoneSimulator
		Debug|iPhone = Debug|iPhone
	EndGlobalSection
	GlobalSection(ProjectConfigurationPlatforms) = postSolution
		{8AC77BFE-C5A6-480E-8504-8D6875906441}.Debug|iPhoneSimulator.ActiveCfg = Debug|iPhoneSimulator
		{8AC77BFE-C5A6-480E-8504-8D6875906441}.Debug|iPhoneSimulator.Build.0 = Debug|iPhoneSimulator
		{8AC77BFE-C5A6-480E-8504-8D6875906441}.Release|iPhone.ActiveCfg = Release|iPhone
		{8AC77BFE-C5A6-480E-8504-8D6875906441}.Release|iPhone.Build.0 = Release|iPhone
		{8AC77BFE-C5A6-480E-8504-8D6875906441}.Release|iPhoneSimulator.ActiveCfg = Release|iPhoneSimulator
		{8AC77BFE-C5A6-480E-8504-8D6875906441}.Release|iPhoneSimulator.Build.0 = Release|iPhoneSimulator
		{8AC77BFE-C5A6-480E-8504-8D6875906441}.Debug|iPhone.ActiveCfg = Debug|iPhone
		{8AC77BFE-C5A6-480E-8504-8D6875906441}.Debug|iPhone.Build.0 = Debug|iPhone
	EndGlobalSection
EndGlobal
